
Microsoft Visual Studio Solution File, Format Version 12.00
# Visual Studio Version 16
VisualStudioVersion = 16.0.29123.88
MinimumVisualStudioVersion = 10.0.40219.1
Project("{FAE04EC0-301F-11D3-BF4B-00C04F79EFBC}") = "Display3D", "Display3D.csproj", "{F3EF00AA-D461-40B5-8A47-7E047ABC372E}"
EndProject
Global
	GlobalSection(SolutionConfigurationPlatforms) = preSolution
		Debug|Any CPU = Debug|Any CPU
		Release|Any CPU = Release|Any CPU
	EndGlobalSection
	GlobalSection(ProjectConfigurationPlatforms) = postSolution
		{F3EF00AA-D461-40B5-8A47-7E047ABC372E}.Debug|Any CPU.ActiveCfg = Debug|Any CPU
		{F3EF00AA-D461-40B5-8A47-7E047ABC372E}.Debug|Any CPU.Build.0 = Debug|Any CPU
		{F3EF00AA-D461-40B5-8A47-7E047ABC372E}.Release|Any CPU.ActiveCfg = Release|Any CPU
		{F3EF00AA-D461-40B5-8A47-7E047ABC372E}.Release|Any CPU.Build.0 = Release|Any CPU
	EndGlobalSection
	GlobalSection(SolutionProperties) = preSolution
		HideSolutionNode = FALSE
	EndGlobalSection
	GlobalSection(ExtensibilityGlobals) = postSolution
		SolutionGuid = {7D646047-420E-4A17-89F5-AFC92BCB9AE8}
	EndGlobalSection
EndGlobal
